{
  "nodes": {
    "disko": {
      "inputs": {
        "nixpkgs": [
          "nixpkgs"
        ]
      },
      "locked": {
        "lastModified": 1777713215,
        "narHash": "sha256-8GzXDOXckDWwST8TY5DbwYFjdvQLlP7K9CLSVx6iTTo=",
        "owner": "nix-community",
        "repo": "disko",
        "rev": "63b4e7e6cf75307c1d26ac3762b886b5b0247267",
        "type": "github"
      },
      "original": {
        "owner": "nix-community",
        "repo": "disko",
        "type": "github"
      }
    },
    "flake-utils": {
      "inputs": {
        "systems": "systems"
      },
      "locked": {
        "lastModified": 1731533236,
        "narHash": "sha256-l0KFg5HjrsfsO/JpG+r7fRrqm12kzFHyUHqHCVpMMbI=",
        "owner": "numtide",
        "repo": "flake-utils",
        "rev": "11707dc2f618dd54ca8739b309ec4fc024de578b",
        "type": "github"
      },
      "original": {
        "owner": "numtide",
        "repo": "flake-utils",
        "type": "github"
      }
    },
    "flake-utils_2": {
      "inputs": {
        "systems": "systems_2"
      },
      "locked": {
        "lastModified": 1731533236,
        "narHash": "sha256-l0KFg5HjrsfsO/JpG+r7fRrqm12kzFHyUHqHCVpMMbI=",
        "owner": "numtide",
        "repo": "flake-utils",
        "rev": "11707dc2f618dd54ca8739b309ec4fc024de578b",
        "type": "github"
      },
      "original": {
        "owner": "numtide",
        "repo": "flake-utils",
        "type": "github"
      }
    },
    "giorno": {
      "inputs": {
        "flake-utils": "flake-utils",
        "nixpkgs": [
          "nixpkgs"
        ]
      },
      "locked": {
        "lastModified": 1769005973,
        "narHash": "sha256-bq0PqaUkMtJnHOUT0nh14esot31xdP4iPSYFNiG6uWs=",
        "ref": "refs/heads/master",
        "rev": "f22ee2b656814b541d5401f6e9304a93fed4c66a",
        "revCount": 43,
        "type": "git",
        "url": "ssh://git@github.com/heather7283/giorno.git"
      },
      "original": {
        "type": "git",
        "url": "ssh://git@github.com/heather7283/giorno.git"
      }
    },
    "nix-index-database": {
      "inputs": {
        "nixpkgs": [
          "nixpkgs"
        ]
      },
      "locked": {
        "lastModified": 1783864904,
        "narHash": "sha256-BQxN5UMg9FOevAsgBRwPxfxlh51Puj+dNn/8Dsi3sPM=",
        "owner": "nix-community",
        "repo": "nix-index-database",
        "rev": "1111b9bc836afb7e31a7014e8d1272de9b1c917d",
        "type": "github"
      },
      "original": {
        "owner": "nix-community",
        "repo": "nix-index-database",
        "type": "github"
      }
    },
    "nixpkgs": {
      "locked": {
        "lastModified": 1784160687,
        "narHash": "sha256-iYL/bixrb6FlHFu/gIuBYzq6c6lM5AAXsXNSWXtIgQc=",
        "owner": "NixOS",
        "repo": "nixpkgs",
        "rev": "4382ed2b7a6839d4280a9b386db49cbc5907414d",
        "type": "github"
      },
      "original": {
        "owner": "NixOS",
        "ref": "nixos-26.05",
        "repo": "nixpkgs",
        "type": "github"
      }
    },
    "nixpkgs-unstable": {
      "locked": {
        "lastModified": 1784120854,
        "narHash": "sha256-KesHgItiZPgGX740axSiQLcIQ8D24MDqNpkKYWIek8k=",
        "owner": "NixOS",
        "repo": "nixpkgs",
        "rev": "753cc8a3a87467296ddd1fa93f0cc3e81120ee46",
        "type": "github"
      },
      "original": {
        "owner": "NixOS",
        "ref": "nixos-unstable",
        "repo": "nixpkgs",
        "type": "github"
      }
    },
    "root": {
      "inputs": {
        "disko": "disko",
        "giorno": "giorno",
        "nix-index-database": "nix-index-database",
        "nixpkgs": "nixpkgs",
        "nixpkgs-unstable": "nixpkgs-unstable",
        "secrets": "secrets",
        "sops-nix": "sops-nix",
        "ycurator": "ycurator"
      }
    },
    "secrets": {
      "locked": {
        "lastModified": 1784137210,
        "narHash": "sha256-t6QRY7Z5ZnmW/KA7viNzESAR+DtjBClI959NVQs2X90=",
        "ref": "refs/heads/master",
        "rev": "31d3567fabb8a2fce95c6114f05ae69a2fdc5c92",
        "revCount": 105,
        "type": "git",
        "url": "ssh://git@github.com/heather7283/nix-secrets.git"
      },
      "original": {
        "type": "git",
        "url": "ssh://git@github.com/heather7283/nix-secrets.git"
      }
    },
    "sops-nix": {
      "inputs": {
        "nixpkgs": [
          "nixpkgs"
        ]
      },
      "locked": {
        "lastModified": 1780547341,
        "narHash": "sha256-Gq8KNx5A7hBB3uGJaj6eQfLDIz5YdLu92gqBcvHvoUo=",
        "owner": "Mic92",
        "repo": "sops-nix",
        "rev": "9ed65852b6257fbeae4355bc24ecfea307ca759a",
        "type": "github"
      },
      "original": {
        "owner": "Mic92",
        "repo": "sops-nix",
        "type": "github"
      }
    },
    "systems": {
      "locked": {
        "lastModified": 1681028828,
        "narHash": "sha256-Vy1rq5AaRuLzOxct8nz4T6wlgyUR7zLU309k9mBC768=",
        "owner": "nix-systems",
        "repo": "default",
        "rev": "da67096a3b9bf56a91d16901293e51ba5b49a27e",
        "type": "github"
      },
      "original": {
        "owner": "nix-systems",
        "repo": "default",
        "type": "github"
      }
    },
    "systems_2": {
      "locked": {
        "lastModified": 1681028828,
        "narHash": "sha256-Vy1rq5AaRuLzOxct8nz4T6wlgyUR7zLU309k9mBC768=",
        "owner": "nix-systems",
        "repo": "default",
        "rev": "da67096a3b9bf56a91d16901293e51ba5b49a27e",
        "type": "github"
      },
      "original": {
        "owner": "nix-systems",
        "repo": "default",
        "type": "github"
      }
    },
    "ycurator": {
      "inputs": {
        "flake-utils": "flake-utils_2",
        "nixpkgs": [
          "nixpkgs"
        ]
      },
      "locked": {
        "lastModified": 1773331513,
        "narHash": "sha256-ZNCUV3TCpoxBj7rimsRoKTTpNR/Ghwfv+DqSzk5DgWI=",
        "ref": "refs/heads/master",
        "rev": "052787ffcb3eb2e7267654262114aa88c38c8a40",
        "revCount": 53,
        "type": "git",
        "url": "ssh://git@github.com/heather7283/ycurator.git"
      },
      "original": {
        "type": "git",
        "url": "ssh://git@github.com/heather7283/ycurator.git"
      }
    }
  },
  "root": "root",
  "version": 7
}
